// !$*UTF8*$!
{
	archiveVersion = 1;
	classes = {
	};
	objectVersion = 56;
	objects = {

/* Begin PBXBuildFile section */
		FE1ADEF02C21B44700925CD8 /* ToDoapp_part_1App.swift in Sources */ = {isa = PBXBuildFile; fileRef = FE1ADEEF2C21B44700925CD8 /* ToDoapp_part_1App.swift */; };
		FE1ADEF22C21B44700925CD8 /* ContentView.swift in Sources */ = {isa = PBXBuildFile; fileRef = FE1ADEF12C21B44700925CD8 /* ContentView.swift */; };
		FE1ADEF42C21B44700925CD8 /* Item.swift in Sources */ = {isa = PBXBuildFile; fileRef = FE1ADEF32C21B44700925CD8 /* Item.swift */; };
		FE1ADEF62C21B44800925CD8 /* Assets.xcassets in Resources */ = {isa = PBXBuildFile; fileRef = FE1ADEF52C21B44800925CD8 /* Assets.xcassets */; };
		FE1ADEF92C21B44800925CD8 /* Preview Assets.xcassets in Resources */ = {isa = PBXBuildFile; fileRef = FE1ADEF82C21B44800925CD8 /* Preview Assets.xcassets */; };
		FE1ADF0D2C21B44800925CD8 /* ToDoapp_part_1UITests.swift in Sources */ = {isa = PBXBuildFile; fileRef = FE1ADF0C2C21B44800925CD8 /* ToDoapp_part_1UITests.swift */; };
		FE1ADF0F2C21B44800925CD8 /* ToDoapp_part_1UITestsLaunchTests.swift in Sources */ = {isa = PBXBuildFile; fileRef = FE1ADF0E2C21B44800925CD8 /* ToDoapp_part_1UITestsLaunchTests.swift */; };
		FE1ADF1C2C21B47600925CD8 /* TodoItem.swift in Sources */ = {isa = PBXBuildFile; fileRef = FE1ADF1B2C21B47600925CD8 /* TodoItem.swift */; };
		FE1ADF1E2C21B6A000925CD8 /* FileCache.swift in Sources */ = {isa = PBXBuildFile; fileRef = FE1ADF1D2C21B6A000925CD8 /* FileCache.swift */; };
		FE38118D2C2F1A9D00CC1582 /* TodoItemArray.swift in Sources */ = {isa = PBXBuildFile; fileRef = FE38118C2C2F1A9D00CC1582 /* TodoItemArray.swift */; };
		FE3811962C2F200000CC1582 /* EditTaskView.swift in Sources */ = {isa = PBXBuildFile; fileRef = FE3811952C2F200000CC1582 /* EditTaskView.swift */; };
		FE3811982C2F201900CC1582 /* TaskCellView.swift in Sources */ = {isa = PBXBuildFile; fileRef = FE3811972C2F201900CC1582 /* TaskCellView.swift */; };
		FE7E68822C2645B70017B876 /* TodoItemTest.swift in Sources */ = {isa = PBXBuildFile; fileRef = FE7E68782C261F180017B876 /* TodoItemTest.swift */; };
		FE7E68832C2645BB0017B876 /* FileCacheTest.swift in Sources */ = {isa = PBXBuildFile; fileRef = FE7E687A2C2620FF0017B876 /* FileCacheTest.swift */; };
		FEB8B48D2C358F0800EF25E8 /* CalendarViewController.swift in Sources */ = {isa = PBXBuildFile; fileRef = FEB8B48C2C358F0800EF25E8 /* CalendarViewController.swift */; };
		FEB8B4902C358F4C00EF25E8 /* CalendarViewControllerRepresentable.swift in Sources */ = {isa = PBXBuildFile; fileRef = FEB8B48F2C358F4C00EF25E8 /* CalendarViewControllerRepresentable.swift */; };
		FEB8B4922C35C8CD00EF25E8 /* RoundedTableViewCell.swift in Sources */ = {isa = PBXBuildFile; fileRef = FEB8B4912C35C8CD00EF25E8 /* RoundedTableViewCell.swift */; };
		FEB8B4942C37567200EF25E8 /* ItemCategory.swift in Sources */ = {isa = PBXBuildFile; fileRef = FEB8B4932C37567200EF25E8 /* ItemCategory.swift */; };
/* End PBXBuildFile section */

/* Begin PBXContainerItemProxy section */
		FE1ADEFF2C21B44800925CD8 /* PBXContainerItemProxy */ = {
			isa = PBXContainerItemProxy;
			containerPortal = FE1ADEE42C21B44700925CD8 /* Project object */;
			proxyType = 1;
			remoteGlobalIDString = FE1ADEEB2C21B44700925CD8;
			remoteInfo = "ToDoapp part 1";
		};
		FE1ADF092C21B44800925CD8 /* PBXContainerItemProxy */ = {
			isa = PBXContainerItemProxy;
			containerPortal = FE1ADEE42C21B44700925CD8 /* Project object */;
			proxyType = 1;
			remoteGlobalIDString = FE1ADEEB2C21B44700925CD8;
			remoteInfo = "ToDoapp part 1";
		};
/* End PBXContainerItemProxy section */

/* Begin PBXFileReference section */
		FE1ADEEC2C21B44700925CD8 /* ToDoapp part 1.app */ = {isa = PBXFileReference; explicitFileType = wrapper.application; includeInIndex = 0; path = "ToDoapp part 1.app"; sourceTree = BUILT_PRODUCTS_DIR; };
		FE1ADEEF2C21B44700925CD8 /* ToDoapp_part_1App.swift */ = {isa = PBXFileReference; lastKnownFileType = sourcecode.swift; path = ToDoapp_part_1App.swift; sourceTree = "<group>"; };
		FE1ADEF12C21B44700925CD8 /* ContentView.swift */ = {isa = PBXFileReference; lastKnownFileType = sourcecode.swift; path = ContentView.swift; sourceTree = "<group>"; };
		FE1ADEF32C21B44700925CD8 /* Item.swift */ = {isa = PBXFileReference; lastKnownFileType = sourcecode.swift; path = Item.swift; sourceTree = "<group>"; };
		FE1ADEF52C21B44800925CD8 /* Assets.xcassets */ = {isa = PBXFileReference; lastKnownFileType = folder.assetcatalog; path = Assets.xcassets; sourceTree = "<group>"; };
		FE1ADEF82C21B44800925CD8 /* Preview Assets.xcassets */ = {isa = PBXFileReference; lastKnownFileType = folder.assetcatalog; path = "Preview Assets.xcassets"; sourceTree = "<group>"; };
		FE1ADEFE2C21B44800925CD8 /* ToDoapp part 1Tests.xctest */ = {isa = PBXFileReference; explicitFileType = wrapper.cfbundle; includeInIndex = 0; path = "ToDoapp part 1Tests.xctest"; sourceTree = BUILT_PRODUCTS_DIR; };
		FE1ADF022C21B44800925CD8 /* ToDoapp_part_1Tests.swift */ = {isa = PBXFileReference; lastKnownFileType = sourcecode.swift; path = ToDoapp_part_1Tests.swift; sourceTree = "<group>"; };
		FE1ADF082C21B44800925CD8 /* ToDoapp part 1UITests.xctest */ = {isa = PBXFileReference; explicitFileType = wrapper.cfbundle; includeInIndex = 0; path = "ToDoapp part 1UITests.xctest"; sourceTree = BUILT_PRODUCTS_DIR; };
		FE1ADF0C2C21B44800925CD8 /* ToDoapp_part_1UITests.swift */ = {isa = PBXFileReference; lastKnownFileType = sourcecode.swift; path = ToDoapp_part_1UITests.swift; sourceTree = "<group>"; };
		FE1ADF0E2C21B44800925CD8 /* ToDoapp_part_1UITestsLaunchTests.swift */ = {isa = PBXFileReference; lastKnownFileType = sourcecode.swift; path = ToDoapp_part_1UITestsLaunchTests.swift; sourceTree = "<group>"; };
		FE1ADF1B2C21B47600925CD8 /* TodoItem.swift */ = {isa = PBXFileReference; lastKnownFileType = sourcecode.swift; path = TodoItem.swift; sourceTree = "<group>"; };
		FE1ADF1D2C21B6A000925CD8 /* FileCache.swift */ = {isa = PBXFileReference; lastKnownFileType = sourcecode.swift; path = FileCache.swift; sourceTree = "<group>"; };
		FE38118C2C2F1A9D00CC1582 /* TodoItemArray.swift */ = {isa = PBXFileReference; lastKnownFileType = sourcecode.swift; path = TodoItemArray.swift; sourceTree = "<group>"; };
		FE3811952C2F200000CC1582 /* EditTaskView.swift */ = {isa = PBXFileReference; lastKnownFileType = sourcecode.swift; path = EditTaskView.swift; sourceTree = "<group>"; };
		FE3811972C2F201900CC1582 /* TaskCellView.swift */ = {isa = PBXFileReference; lastKnownFileType = sourcecode.swift; path = TaskCellView.swift; sourceTree = "<group>"; };
		FE7E68782C261F180017B876 /* TodoItemTest.swift */ = {isa = PBXFileReference; lastKnownFileType = sourcecode.swift; path = TodoItemTest.swift; sourceTree = "<group>"; };
		FE7E687A2C2620FF0017B876 /* FileCacheTest.swift */ = {isa = PBXFileReference; lastKnownFileType = sourcecode.swift; path = FileCacheTest.swift; sourceTree = "<group>"; };
		FEB8B48C2C358F0800EF25E8 /* CalendarViewController.swift */ = {isa = PBXFileReference; lastKnownFileType = sourcecode.swift; path = CalendarViewController.swift; sourceTree = "<group>"; };
		FEB8B48F2C358F4C00EF25E8 /* CalendarViewControllerRepresentable.swift */ = {isa = PBXFileReference; lastKnownFileType = sourcecode.swift; path = CalendarViewControllerRepresentable.swift; sourceTree = "<group>"; };
		FEB8B4912C35C8CD00EF25E8 /* RoundedTableViewCell.swift */ = {isa = PBXFileReference; lastKnownFileType = sourcecode.swift; path = RoundedTableViewCell.swift; sourceTree = "<group>"; };
		FEB8B4932C37567200EF25E8 /* ItemCategory.swift */ = {isa = PBXFileReference; lastKnownFileType = sourcecode.swift; path = ItemCategory.swift; sourceTree = "<group>"; };
/* End PBXFileReference section */

/* Begin PBXFrameworksBuildPhase section */
		FE1ADEE92C21B44700925CD8 /* Frameworks */ = {
			isa = PBXFrameworksBuildPhase;
			buildActionMask = 2147483647;
			files = (
			);
			runOnlyForDeploymentPostprocessing = 0;
		};
		FE1ADEFB2C21B44800925CD8 /* Frameworks */ = {
			isa = PBXFrameworksBuildPhase;
			buildActionMask = 2147483647;
			files = (
			);
			runOnlyForDeploymentPostprocessing = 0;
		};
		FE1ADF052C21B44800925CD8 /* Frameworks */ = {
			isa = PBXFrameworksBuildPhase;
			buildActionMask = 2147483647;
			files = (
			);
			runOnlyForDeploymentPostprocessing = 0;
		};
/* End PBXFrameworksBuildPhase section */

/* Begin PBXGroup section */
		FE1ADEE32C21B44700925CD8 = {
			isa = PBXGroup;
			children = (
				FE1ADEEE2C21B44700925CD8 /* ToDoapp part 1 */,
				FE1ADF012C21B44800925CD8 /* ToDoapp part 1Tests */,
				FE1ADF0B2C21B44800925CD8 /* ToDoapp part 1UITests */,
				FE1ADEED2C21B44700925CD8 /* Products */,
			);
			sourceTree = "<group>";
		};
		FE1ADEED2C21B44700925CD8 /* Products */ = {
			isa = PBXGroup;
			children = (
				FE1ADEEC2C21B44700925CD8 /* ToDoapp part 1.app */,
				FE1ADEFE2C21B44800925CD8 /* ToDoapp part 1Tests.xctest */,
				FE1ADF082C21B44800925CD8 /* ToDoapp part 1UITests.xctest */,
			);
			name = Products;
			sourceTree = "<group>";
		};
		FE1ADEEE2C21B44700925CD8 /* ToDoapp part 1 */ = {
			isa = PBXGroup;
			children = (
				FEB8B48A2C358EE400EF25E8 /* UIKit */,
				FE3811942C2F1F9700CC1582 /* Views */,
				FE38118E2C2F1AAC00CC1582 /* Models */,
				FE7E68772C261EEE0017B876 /* Tests */,
				FE1ADEEF2C21B44700925CD8 /* ToDoapp_part_1App.swift */,
				FE1ADEF12C21B44700925CD8 /* ContentView.swift */,
				FE1ADEF32C21B44700925CD8 /* Item.swift */,
				FE1ADEF52C21B44800925CD8 /* Assets.xcassets */,
				FE1ADEF72C21B44800925CD8 /* Preview Content */,
			);
			path = "ToDoapp part 1";
			sourceTree = "<group>";
		};
		FE1ADEF72C21B44800925CD8 /* Preview Content */ = {
			isa = PBXGroup;
			children = (
				FE1ADEF82C21B44800925CD8 /* Preview Assets.xcassets */,
			);
			path = "Preview Content";
			sourceTree = "<group>";
		};
		FE1ADF012C21B44800925CD8 /* ToDoapp part 1Tests */ = {
			isa = PBXGroup;
			children = (
				FE1ADF022C21B44800925CD8 /* ToDoapp_part_1Tests.swift */,
			);
			path = "ToDoapp part 1Tests";
			sourceTree = "<group>";
		};
		FE1ADF0B2C21B44800925CD8 /* ToDoapp part 1UITests */ = {
			isa = PBXGroup;
			children = (
				FE1ADF0C2C21B44800925CD8 /* ToDoapp_part_1UITests.swift */,
				FE1ADF0E2C21B44800925CD8 /* ToDoapp_part_1UITestsLaunchTests.swift */,
			);
			path = "ToDoapp part 1UITests";
			sourceTree = "<group>";
		};
		FE38118E2C2F1AAC00CC1582 /* Models */ = {
			isa = PBXGroup;
			children = (
				FE1ADF1D2C21B6A000925CD8 /* FileCache.swift */,
				FE1ADF1B2C21B47600925CD8 /* TodoItem.swift */,
				FE38118C2C2F1A9D00CC1582 /* TodoItemArray.swift */,
				FEB8B4932C37567200EF25E8 /* ItemCategory.swift */,
			);
			path = Models;
			sourceTree = "<group>";
		};
		FE3811942C2F1F9700CC1582 /* Views */ = {
			isa = PBXGroup;
			children = (
				FE3811952C2F200000CC1582 /* EditTaskView.swift */,
				FE3811972C2F201900CC1582 /* TaskCellView.swift */,
			);
			path = Views;
			sourceTree = "<group>";
		};
		FE7E68772C261EEE0017B876 /* Tests */ = {
			isa = PBXGroup;
			children = (
				FE7E68782C261F180017B876 /* TodoItemTest.swift */,
				FE7E687A2C2620FF0017B876 /* FileCacheTest.swift */,
			);
			path = Tests;
			sourceTree = "<group>";
		};
		FEB8B48A2C358EE400EF25E8 /* UIKit */ = {
			isa = PBXGroup;
			children = (
				FEB8B48E2C358F2B00EF25E8 /* UIKitRepresentable */,
				FEB8B48B2C358EEA00EF25E8 /* Views */,
			);
			path = UIKit;
			sourceTree = "<group>";
		};
		FEB8B48B2C358EEA00EF25E8 /* Views */ = {
			isa = PBXGroup;
			children = (
				FEB8B48C2C358F0800EF25E8 /* CalendarViewController.swift */,
				FEB8B4912C35C8CD00EF25E8 /* RoundedTableViewCell.swift */,
			);
			path = Views;
			sourceTree = "<group>";
		};
		FEB8B48E2C358F2B00EF25E8 /* UIKitRepresentable */ = {
			isa = PBXGroup;
			children = (
				FEB8B48F2C358F4C00EF25E8 /* CalendarViewControllerRepresentable.swift */,
			);
			path = UIKitRepresentable;
			sourceTree = "<group>";
		};
/* End PBXGroup section */

/* Begin PBXNativeTarget section */
		FE1ADEEB2C21B44700925CD8 /* ToDoapp part 1 */ = {
			isa = PBXNativeTarget;
			buildConfigurationList = FE1ADF122C21B44800925CD8 /* Build configuration list for PBXNativeTarget "ToDoapp part 1" */;
			buildPhases = (
				FE1ADEE82C21B44700925CD8 /* Sources */,
				FE1ADEE92C21B44700925CD8 /* Frameworks */,
				FE1ADEEA2C21B44700925CD8 /* Resources */,
			);
			buildRules = (
			);
			dependencies = (
			);
			name = "ToDoapp part 1";
			productName = "ToDoapp part 1";
			productReference = FE1ADEEC2C21B44700925CD8 /* ToDoapp part 1.app */;
			productType = "com.apple.product-type.application";
		};
		FE1ADEFD2C21B44800925CD8 /* ToDoapp part 1Tests */ = {
			isa = PBXNativeTarget;
			buildConfigurationList = FE1ADF152C21B44800925CD8 /* Build configuration list for PBXNativeTarget "ToDoapp part 1Tests" */;
			buildPhases = (
				FE1ADEFA2C21B44800925CD8 /* Sources */,
				FE1ADEFB2C21B44800925CD8 /* Frameworks */,
				FE1ADEFC2C21B44800925CD8 /* Resources */,
			);
			buildRules = (
			);
			dependencies = (
				FE1ADF002C21B44800925CD8 /* PBXTargetDependency */,
			);
			name = "ToDoapp part 1Tests";
			productName = "ToDoapp part 1Tests";
			productReference = FE1ADEFE2C21B44800925CD8 /* ToDoapp part 1Tests.xctest */;
			productType = "com.apple.product-type.bundle.unit-test";
		};
		FE1ADF072C21B44800925CD8 /* ToDoapp part 1UITests */ = {
			isa = PBXNativeTarget;
			buildConfigurationList = FE1ADF182C21B44800925CD8 /* Build configuration list for PBXNativeTarget "ToDoapp part 1UITests" */;
			buildPhases = (
				FE1ADF042C21B44800925CD8 /* Sources */,
				FE1ADF052C21B44800925CD8 /* Frameworks */,
				FE1ADF062C21B44800925CD8 /* Resources */,
			);
			buildRules = (
			);
			dependencies = (
				FE1ADF0A2C21B44800925CD8 /* PBXTargetDependency */,
			);
			name = "ToDoapp part 1UITests";
			productName = "ToDoapp part 1UITests";
			productReference = FE1ADF082C21B44800925CD8 /* ToDoapp part 1UITests.xctest */;
			productType = "com.apple.product-type.bundle.ui-testing";
		};
/* End PBXNativeTarget section */

/* Begin PBXProject section */
		FE1ADEE42C21B44700925CD8 /* Project object */ = {
			isa = PBXProject;
			attributes = {
				BuildIndependentTargetsInParallel = 1;
				LastSwiftUpdateCheck = 1540;
				LastUpgradeCheck = 1540;
				TargetAttributes = {
					FE1ADEEB2C21B44700925CD8 = {
						CreatedOnToolsVersion = 15.4;
					};
					FE1ADEFD2C21B44800925CD8 = {
						CreatedOnToolsVersion = 15.4;
						TestTargetID = FE1ADEEB2C21B44700925CD8;
					};
					FE1ADF072C21B44800925CD8 = {
						CreatedOnToolsVersion = 15.4;
						TestTargetID = FE1ADEEB2C21B44700925CD8;
					};
				};
			};
			buildConfigurationList = FE1ADEE72C21B44700925CD8 /* Build configuration list for PBXProject "ToDoapp part 1" */;
			compatibilityVersion = "Xcode 14.0";
			developmentRegion = en;
			hasScannedForEncodings = 0;
			knownRegions = (
				en,
				Base,
			);
			mainGroup = FE1ADEE32C21B44700925CD8;
			productRefGroup = FE1ADEED2C21B44700925CD8 /* Products */;
			projectDirPath = "";
			projectRoot = "";
			targets = (
				FE1ADEEB2C21B44700925CD8 /* ToDoapp part 1 */,
				FE1ADEFD2C21B44800925CD8 /* ToDoapp part 1Tests */,
				FE1ADF072C21B44800925CD8 /* ToDoapp part 1UITests */,
			);
		};
/* End PBXProject section */

/* Begin PBXResourcesBuildPhase section */
		FE1ADEEA2C21B44700925CD8 /* Resources */ = {
			isa = PBXResourcesBuildPhase;
			buildActionMask = 2147483647;
			files = (
				FE1ADEF92C21B44800925CD8 /* Preview Assets.xcassets in Resources */,
				FE1ADEF62C21B44800925CD8 /* Assets.xcassets in Resources */,
			);
			runOnlyForDeploymentPostprocessing = 0;
		};
		FE1ADEFC2C21B44800925CD8 /* Resources */ = {
			isa = PBXResourcesBuildPhase;
			buildActionMask = 2147483647;
			files = (
			);
			runOnlyForDeploymentPostprocessing = 0;
		};
		FE1ADF062C21B44800925CD8 /* Resources */ = {
			isa = PBXResourcesBuildPhase;
			buildActionMask = 2147483647;
			files = (
			);
			runOnlyForDeploymentPostprocessing = 0;
		};
/* End PBXResourcesBuildPhase section */

/* Begin PBXSourcesBuildPhase section */
		FE1ADEE82C21B44700925CD8 /* Sources */ = {
			isa = PBXSourcesBuildPhase;
			buildActionMask = 2147483647;
			files = (
				FE1ADEF22C21B44700925CD8 /* ContentView.swift in Sources */,
				FEB8B4902C358F4C00EF25E8 /* CalendarViewControllerRepresentable.swift in Sources */,
				FEB8B4942C37567200EF25E8 /* ItemCategory.swift in Sources */,
				FE1ADEF42C21B44700925CD8 /* Item.swift in Sources */,
				FE38118D2C2F1A9D00CC1582 /* TodoItemArray.swift in Sources */,
				FE3811982C2F201900CC1582 /* TaskCellView.swift in Sources */,
				FE3811962C2F200000CC1582 /* EditTaskView.swift in Sources */,
				FEB8B4922C35C8CD00EF25E8 /* RoundedTableViewCell.swift in Sources */,
				FE1ADF1C2C21B47600925CD8 /* TodoItem.swift in Sources */,
				FEB8B48D2C358F0800EF25E8 /* CalendarViewController.swift in Sources */,
				FE1ADF1E2C21B6A000925CD8 /* FileCache.swift in Sources */,
				FE1ADEF02C21B44700925CD8 /* ToDoapp_part_1App.swift in Sources */,
			);
			runOnlyForDeploymentPostprocessing = 0;
		};
		FE1ADEFA2C21B44800925CD8 /* Sources */ = {
			isa = PBXSourcesBuildPhase;
			buildActionMask = 2147483647;
			files = (
				FE7E68832C2645BB0017B876 /* FileCacheTest.swift in Sources */,
				FE7E68822C2645B70017B876 /* TodoItemTest.swift in Sources */,
			);
			runOnlyForDeploymentPostprocessing = 0;
		};
		FE1ADF042C21B44800925CD8 /* Sources */ = {
			isa = PBXSourcesBuildPhase;
			buildActionMask = 2147483647;
			files = (
				FE1ADF0D2C21B44800925CD8 /* ToDoapp_part_1UITests.swift in Sources */,
				FE1ADF0F2C21B44800925CD8 /* ToDoapp_part_1UITestsLaunchTests.swift in Sources */,
			);
			runOnlyForDeploymentPostprocessing = 0;
		};
/* End PBXSourcesBuildPhase section */

/* Begin PBXTargetDependency section */
		FE1ADF002C21B44800925CD8 /* PBXTargetDependency */ = {
			isa = PBXTargetDependency;
			target = FE1ADEEB2C21B44700925CD8 /* ToDoapp part 1 */;
			targetProxy = FE1ADEFF2C21B44800925CD8 /* PBXContainerItemProxy */;
		};
		FE1ADF0A2C21B44800925CD8 /* PBXTargetDependency */ = {
			isa = PBXTargetDependency;
			target = FE1ADEEB2C21B44700925CD8 /* ToDoapp part 1 */;
			targetProxy = FE1ADF092C21B44800925CD8 /* PBXContainerItemProxy */;
		};
/* End PBXTargetDependency section */

/* Begin XCBuildConfiguration section */
		FE1ADF102C21B44800925CD8 /* Debug */ = {
			isa = XCBuildConfiguration;
			buildSettings = {
				ALWAYS_SEARCH_USER_PATHS = NO;
				ASSETCATALOG_COMPILER_GENERATE_SWIFT_ASSET_SYMBOL_EXTENSIONS = YES;
				CLANG_ANALYZER_NONNULL = YES;
				CLANG_ANALYZER_NUMBER_OBJECT_CONVERSION = YES_AGGRESSIVE;
				CLANG_CXX_LANGUAGE_STANDARD = "gnu++20";
				CLANG_ENABLE_MODULES = YES;
				CLANG_ENABLE_OBJC_ARC = YES;
				CLANG_ENABLE_OBJC_WEAK = YES;
				CLANG_WARN_BLOCK_CAPTURE_AUTORELEASING = YES;
				CLANG_WARN_BOOL_CONVERSION = YES;
				CLANG_WARN_COMMA = YES;
				CLANG_WARN_CONSTANT_CONVERSION = YES;
				CLANG_WARN_DEPRECATED_OBJC_IMPLEMENTATIONS = YES;
				CLANG_WARN_DIRECT_OBJC_ISA_USAGE = YES_ERROR;
				CLANG_WARN_DOCUMENTATION_COMMENTS = YES;
				CLANG_WARN_EMPTY_BODY = YES;
				CLANG_WARN_ENUM_CONVERSION = YES;
				CLANG_WARN_INFINITE_RECURSION = YES;
				CLANG_WARN_INT_CONVERSION = YES;
				CLANG_WARN_NON_LITERAL_NULL_CONVERSION = YES;
				CLANG_WARN_OBJC_IMPLICIT_RETAIN_SELF = YES;
				CLANG_WARN_OBJC_LITERAL_CONVERSION = YES;
				CLANG_WARN_OBJC_ROOT_CLASS = YES_ERROR;
				CLANG_WARN_QUOTED_INCLUDE_IN_FRAMEWORK_HEADER = YES;
				CLANG_WARN_RANGE_LOOP_ANALYSIS = YES;
				CLANG_WARN_STRICT_PROTOTYPES = YES;
				CLANG_WARN_SUSPICIOUS_MOVE = YES;
				CLANG_WARN_UNGUARDED_AVAILABILITY = YES_AGGRESSIVE;
				CLANG_WARN_UNREACHABLE_CODE = YES;
				CLANG_WARN__DUPLICATE_METHOD_MATCH = YES;
				COPY_PHASE_STRIP = NO;
				DEBUG_INFORMATION_FORMAT = dwarf;
				ENABLE_STRICT_OBJC_MSGSEND = YES;
				ENABLE_TESTABILITY = YES;
				ENABLE_USER_SCRIPT_SANDBOXING = YES;
				GCC_C_LANGUAGE_STANDARD = gnu17;
				GCC_DYNAMIC_NO_PIC = NO;
				GCC_NO_COMMON_BLOCKS = YES;
				GCC_OPTIMIZATION_LEVEL = 0;
				GCC_PREPROCESSOR_DEFINITIONS = (
					"DEBUG=1",
					"$(inherited)",
				);
				GCC_WARN_64_TO_32_BIT_CONVERSION = YES;
				GCC_WARN_ABOUT_RETURN_TYPE = YES_ERROR;
				GCC_WARN_UNDECLARED_SELECTOR = YES;
				GCC_WARN_UNINITIALIZED_AUTOS = YES_AGGRESSIVE;
				GCC_WARN_UNUSED_FUNCTION = YES;
				GCC_WARN_UNUSED_VARIABLE = YES;
				IPHONEOS_DEPLOYMENT_TARGET = 17.5;
				LOCALIZATION_PREFERS_STRING_CATALOGS = YES;
				MTL_ENABLE_DEBUG_INFO = INCLUDE_SOURCE;
				MTL_FAST_MATH = YES;
				ONLY_ACTIVE_ARCH = YES;
				SDKROOT = iphoneos;
				SWIFT_ACTIVE_COMPILATION_CONDITIONS = "DEBUG $(inherited)";
				SWIFT_OPTIMIZATION_LEVEL = "-Onone";
			};
			name = Debug;
		};
		FE1ADF112C21B44800925CD8 /* Release */ = {
			isa = XCBuildConfiguration;
			buildSettings = {
				ALWAYS_SEARCH_USER_PATHS = NO;
				ASSETCATALOG_COMPILER_GENERATE_SWIFT_ASSET_SYMBOL_EXTENSIONS = YES;
				CLANG_ANALYZER_NONNULL = YES;
				CLANG_ANALYZER_NUMBER_OBJECT_CONVERSION = YES_AGGRESSIVE;
				CLANG_CXX_LANGUAGE_STANDARD = "gnu++20";
				CLANG_ENABLE_MODULES = YES;
				CLANG_ENABLE_OBJC_ARC = YES;
				CLANG_ENABLE_OBJC_WEAK = YES;
				CLANG_WARN_BLOCK_CAPTURE_AUTORELEASING = YES;
				CLANG_WARN_BOOL_CONVERSION = YES;
				CLANG_WARN_COMMA = YES;
				CLANG_WARN_CONSTANT_CONVERSION = YES;
				CLANG_WARN_DEPRECATED_OBJC_IMPLEMENTATIONS = YES;
				CLANG_WARN_DIRECT_OBJC_ISA_USAGE = YES_ERROR;
				CLANG_WARN_DOCUMENTATION_COMMENTS = YES;
				CLANG_WARN_EMPTY_BODY = YES;
				CLANG_WARN_ENUM_CONVERSION = YES;
				CLANG_WARN_INFINITE_RECURSION = YES;
				CLANG_WARN_INT_CONVERSION = YES;
				CLANG_WARN_NON_LITERAL_NULL_CONVERSION = YES;
				CLANG_WARN_OBJC_IMPLICIT_RETAIN_SELF = YES;
				CLANG_WARN_OBJC_LITERAL_CONVERSION = YES;
				CLANG_WARN_OBJC_ROOT_CLASS = YES_ERROR;
				CLANG_WARN_QUOTED_INCLUDE_IN_FRAMEWORK_HEADER = YES;
				CLANG_WARN_RANGE_LOOP_ANALYSIS = YES;
				CLANG_WARN_STRICT_PROTOTYPES = YES;
				CLANG_WARN_SUSPICIOUS_MOVE = YES;
				CLANG_WARN_UNGUARDED_AVAILABILITY = YES_AGGRESSIVE;
				CLANG_WARN_UNREACHABLE_CODE = YES;
				CLANG_WARN__DUPLICATE_METHOD_MATCH = YES;
				COPY_PHASE_STRIP = NO;
				DEBUG_INFORMATION_FORMAT = "dwarf-with-dsym";
				ENABLE_NS_ASSERTIONS = NO;
				ENABLE_STRICT_OBJC_MSGSEND = YES;
				ENABLE_USER_SCRIPT_SANDBOXING = YES;
				GCC_C_LANGUAGE_STANDARD = gnu17;
				GCC_NO_COMMON_BLOCKS = YES;
				GCC_WARN_64_TO_32_BIT_CONVERSION = YES;
				GCC_WARN_ABOUT_RETURN_TYPE = YES_ERROR;
				GCC_WARN_UNDECLARED_SELECTOR = YES;
				GCC_WARN_UNINITIALIZED_AUTOS = YES_AGGRESSIVE;
				GCC_WARN_UNUSED_FUNCTION = YES;
				GCC_WARN_UNUSED_VARIABLE = YES;
				IPHONEOS_DEPLOYMENT_TARGET = 17.5;
				LOCALIZATION_PREFERS_STRING_CATALOGS = YES;
				MTL_ENABLE_DEBUG_INFO = NO;
				MTL_FAST_MATH = YES;
				SDKROOT = iphoneos;
				SWIFT_COMPILATION_MODE = wholemodule;
				VALIDATE_PRODUCT = YES;
			};
			name = Release;
		};
		FE1ADF132C21B44800925CD8 /* Debug */ = {
			isa = XCBuildConfiguration;
			buildSettings = {
				ASSETCATALOG_COMPILER_APPICON_NAME = AppIcon;
				ASSETCATALOG_COMPILER_GLOBAL_ACCENT_COLOR_NAME = AccentColor;
				CODE_SIGN_STYLE = Automatic;
				CURRENT_PROJECT_VERSION = 1;
				DEVELOPMENT_ASSET_PATHS = "\"ToDoapp part 1/Preview Content\"";
				DEVELOPMENT_TEAM = 8F6F8BX2UB;
				ENABLE_PREVIEWS = YES;
				GENERATE_INFOPLIST_FILE = YES;
				INFOPLIST_KEY_UIApplicationSceneManifest_Generation = YES;
				INFOPLIST_KEY_UIApplicationSupportsIndirectInputEvents = YES;
				INFOPLIST_KEY_UILaunchScreen_Generation = YES;
				INFOPLIST_KEY_UISupportedInterfaceOrientations_iPad = "UIInterfaceOrientationPortrait UIInterfaceOrientationPortraitUpsideDown UIInterfaceOrientationLandscapeLeft UIInterfaceOrientationLandscapeRight";
				INFOPLIST_KEY_UISupportedInterfaceOrientations_iPhone = "UIInterfaceOrientationPortrait UIInterfaceOrientationLandscapeLeft UIInterfaceOrientationLandscapeRight";
				LD_RUNPATH_SEARCH_PATHS = (
					"$(inherited)",
					"@executable_path/Frameworks",
				);
				MARKETING_VERSION = 1.0;
				PRODUCT_BUNDLE_IDENTIFIER = "TestApp.ToDoapp-part-1";
				PRODUCT_NAME = "$(TARGET_NAME)";
				SWIFT_EMIT_LOC_STRINGS = YES;
				SWIFT_VERSION = 5.0;
				TARGETED_DEVICE_FAMILY = "1,2";
			};
			name = Debug;
		};
		FE1ADF142C21B44800925CD8 /* Release */ = {
			isa = XCBuildConfiguration;
			buildSettings = {
				ASSETCATALOG_COMPILER_APPICON_NAME = AppIcon;
				ASSETCATALOG_COMPILER_GLOBAL_ACCENT_COLOR_NAME = AccentColor;
				CODE_SIGN_STYLE = Automatic;
				CURRENT_PROJECT_VERSION = 1;
				DEVELOPMENT_ASSET_PATHS = "\"ToDoapp part 1/Preview Content\"";
				DEVELOPMENT_TEAM = 8F6F8BX2UB;
				ENABLE_PREVIEWS = YES;
				GENERATE_INFOPLIST_FILE = YES;
				INFOPLIST_KEY_UIApplicationSceneManifest_Generation = YES;
				INFOPLIST_KEY_UIApplicationSupportsIndirectInputEvents = YES;
				INFOPLIST_KEY_UILaunchScreen_Generation = YES;
				INFOPLIST_KEY_UISupportedInterfaceOrientations_iPad = "UIInterfaceOrientationPortrait UIInterfaceOrientationPortraitUpsideDown UIInterfaceOrientationLandscapeLeft UIInterfaceOrientationLandscapeRight";
				INFOPLIST_KEY_UISupportedInterfaceOrientations_iPhone = "UIInterfaceOrientationPortrait UIInterfaceOrientationLandscapeLeft UIInterfaceOrientationLandscapeRight";
				LD_RUNPATH_SEARCH_PATHS = (
					"$(inherited)",
					"@executable_path/Frameworks",
				);
				MARKETING_VERSION = 1.0;
				PRODUCT_BUNDLE_IDENTIFIER = "TestApp.ToDoapp-part-1";
				PRODUCT_NAME = "$(TARGET_NAME)";
				SWIFT_EMIT_LOC_STRINGS = YES;
				SWIFT_VERSION = 5.0;
				TARGETED_DEVICE_FAMILY = "1,2";
			};
			name = Release;
		};
		FE1ADF162C21B44800925CD8 /* Debug */ = {
			isa = XCBuildConfiguration;
			buildSettings = {
				ALWAYS_EMBED_SWIFT_STANDARD_LIBRARIES = YES;
				BUNDLE_LOADER = "$(TEST_HOST)";
				CODE_SIGN_STYLE = Automatic;
				CURRENT_PROJECT_VERSION = 1;
				DEVELOPMENT_TEAM = 8F6F8BX2UB;
				GENERATE_INFOPLIST_FILE = YES;
				IPHONEOS_DEPLOYMENT_TARGET = 17.5;
				MARKETING_VERSION = 1.0;
				PRODUCT_BUNDLE_IDENTIFIER = "TestApp.ToDoapp-part-1Tests";
				PRODUCT_NAME = "$(TARGET_NAME)";
				SWIFT_EMIT_LOC_STRINGS = NO;
				SWIFT_VERSION = 5.0;
				TARGETED_DEVICE_FAMILY = "1,2";
				TEST_HOST = "$(BUILT_PRODUCTS_DIR)/ToDoapp part 1.app/$(BUNDLE_EXECUTABLE_FOLDER_PATH)/ToDoapp part 1";
			};
			name = Debug;
		};
		FE1ADF172C21B44800925CD8 /* Release */ = {
			isa = XCBuildConfiguration;
			buildSettings = {
				ALWAYS_EMBED_SWIFT_STANDARD_LIBRARIES = YES;
				BUNDLE_LOADER = "$(TEST_HOST)";
				CODE_SIGN_STYLE = Automatic;
				CURRENT_PROJECT_VERSION = 1;
				DEVELOPMENT_TEAM = 8F6F8BX2UB;
				GENERATE_INFOPLIST_FILE = YES;
				IPHONEOS_DEPLOYMENT_TARGET = 17.5;
				MARKETING_VERSION = 1.0;
				PRODUCT_BUNDLE_IDENTIFIER = "TestApp.ToDoapp-part-1Tests";
				PRODUCT_NAME = "$(TARGET_NAME)";
				SWIFT_EMIT_LOC_STRINGS = NO;
				SWIFT_VERSION = 5.0;
				TARGETED_DEVICE_FAMILY = "1,2";
				TEST_HOST = "$(BUILT_PRODUCTS_DIR)/ToDoapp part 1.app/$(BUNDLE_EXECUTABLE_FOLDER_PATH)/ToDoapp part 1";
			};
			name = Release;
		};
		FE1ADF192C21B44800925CD8 /* Debug */ = {
			isa = XCBuildConfiguration;
			buildSettings = {
				ALWAYS_EMBED_SWIFT_STANDARD_LIBRARIES = YES;
				CODE_SIGN_STYLE = Automatic;
				CURRENT_PROJECT_VERSION = 1;
				DEVELOPMENT_TEAM = 8F6F8BX2UB;
				GENERATE_INFOPLIST_FILE = YES;
				MARKETING_VERSION = 1.0;
				PRODUCT_BUNDLE_IDENTIFIER = "TestApp.ToDoapp-part-1UITests";
				PRODUCT_NAME = "$(TARGET_NAME)";
				SWIFT_EMIT_LOC_STRINGS = NO;
				SWIFT_VERSION = 5.0;
				TARGETED_DEVICE_FAMILY = "1,2";
				TEST_TARGET_NAME = "ToDoapp part 1";
			};
			name = Debug;
		};
		FE1ADF1A2C21B44800925CD8 /* Release */ = {
			isa = XCBuildConfiguration;
			buildSettings = {
				ALWAYS_EMBED_SWIFT_STANDARD_LIBRARIES = YES;
				CODE_SIGN_STYLE = Automatic;
				CURRENT_PROJECT_VERSION = 1;
				DEVELOPMENT_TEAM = 8F6F8BX2UB;
				GENERATE_INFOPLIST_FILE = YES;
				MARKETING_VERSION = 1.0;
				PRODUCT_BUNDLE_IDENTIFIER = "TestApp.ToDoapp-part-1UITests";
				PRODUCT_NAME = "$(TARGET_NAME)";
				SWIFT_EMIT_LOC_STRINGS = NO;
				SWIFT_VERSION = 5.0;
				TARGETED_DEVICE_FAMILY = "1,2";
				TEST_TARGET_NAME = "ToDoapp part 1";
			};
			name = Release;
		};
/* End XCBuildConfiguration section */

/* Begin XCConfigurationList section */
		FE1ADEE72C21B44700925CD8 /* Build configuration list for PBXProject "ToDoapp part 1" */ = {
			isa = XCConfigurationList;
			buildConfigurations = (
				FE1ADF102C21B44800925CD8 /* Debug */,
				FE1ADF112C21B44800925CD8 /* Release */,
			);
			defaultConfigurationIsVisible = 0;
			defaultConfigurationName = Release;
		};
		FE1ADF122C21B44800925CD8 /* Build configuration list for PBXNativeTarget "ToDoapp part 1" */ = {
			isa = XCConfigurationList;
			buildConfigurations = (
				FE1ADF132C21B44800925CD8 /* Debug */,
				FE1ADF142C21B44800925CD8 /* Release */,
			);
			defaultConfigurationIsVisible = 0;
			defaultConfigurationName = Release;
		};
		FE1ADF152C21B44800925CD8 /* Build configuration list for PBXNativeTarget "ToDoapp part 1Tests" */ = {
			isa = XCConfigurationList;
			buildConfigurations = (
				FE1ADF162C21B44800925CD8 /* Debug */,
				FE1ADF172C21B44800925CD8 /* Release */,
			);
			defaultConfigurationIsVisible = 0;
			defaultConfigurationName = Release;
		};
		FE1ADF182C21B44800925CD8 /* Build configuration list for PBXNativeTarget "ToDoapp part 1UITests" */ = {
			isa = XCConfigurationList;
			buildConfigurations = (
				FE1ADF192C21B44800925CD8 /* Debug */,
				FE1ADF1A2C21B44800925CD8 /* Release */,
			);
			defaultConfigurationIsVisible = 0;
			defaultConfigurationName = Release;
		};
/* End XCConfigurationList section */
	};
	rootObject = FE1ADEE42C21B44700925CD8 /* Project object */;
}
